
Microsoft Visual Studio Solution File, Format Version 12.00
# Visual Studio Version 17
VisualStudioVersion = 17.11.35208.52
MinimumVisualStudioVersion = 10.0.40219.1
Project("{9A19103F-16F7-4668-BE54-9A1E7A4F7556}") = "Appointments", "Appointment\Appointments.csproj", "{44B58EB4-7B23-497E-9A14-02593EA1E97B}"
EndProject
Global
	GlobalSection(SolutionConfigurationPlatforms) = preSolution
		Debug|Any CPU = Debug|Any CPU
		Release|Any CPU = Release|Any CPU
	EndGlobalSection
	GlobalSection(ProjectConfigurationPlatforms) = postSolution
		{44B58EB4-7B23-497E-9A14-02593EA1E97B}.Debug|Any CPU.ActiveCfg = Debug|Any CPU
		{44B58EB4-7B23-497E-9A14-02593EA1E97B}.Debug|Any CPU.Build.0 = Debug|Any CPU
		{44B58EB4-7B23-497E-9A14-02593EA1E97B}.Release|Any CPU.ActiveCfg = Release|Any CPU
		{44B58EB4-7B23-497E-9A14-02593EA1E97B}.Release|Any CPU.Build.0 = Release|Any CPU
	EndGlobalSection
	GlobalSection(SolutionProperties) = preSolution
		HideSolutionNode = FALSE
	EndGlobalSection
	GlobalSection(ExtensibilityGlobals) = postSolution
		SolutionGuid = {98C0D60A-01E2-4084-9520-412884EB473C}
	EndGlobalSection
EndGlobal
