
Microsoft Visual Studio Solution File, Format Version 12.00
# Visual Studio Version 17
VisualStudioVersion = 17.5.002.0
MinimumVisualStudioVersion = 10.0.40219.1
Project("{9A19103F-16F7-4668-BE54-9A1E7A4F7556}") = "Appointment", "Appointment.csproj", "{4DF24CED-3E6F-4C35-85A6-C7B15162F7CA}"
EndProject
Global
	GlobalSection(SolutionConfigurationPlatforms) = preSolution
		Debug|Any CPU = Debug|Any CPU
		Release|Any CPU = Release|Any CPU
	EndGlobalSection
	GlobalSection(ProjectConfigurationPlatforms) = postSolution
		{4DF24CED-3E6F-4C35-85A6-C7B15162F7CA}.Debug|Any CPU.ActiveCfg = Debug|Any CPU
		{4DF24CED-3E6F-4C35-85A6-C7B15162F7CA}.Debug|Any CPU.Build.0 = Debug|Any CPU
		{4DF24CED-3E6F-4C35-85A6-C7B15162F7CA}.Release|Any CPU.ActiveCfg = Release|Any CPU
		{4DF24CED-3E6F-4C35-85A6-C7B15162F7CA}.Release|Any CPU.Build.0 = Release|Any CPU
	EndGlobalSection
	GlobalSection(SolutionProperties) = preSolution
		HideSolutionNode = FALSE
	EndGlobalSection
	GlobalSection(ExtensibilityGlobals) = postSolution
		SolutionGuid = {64F4C1CE-818F-4FFC-8EEE-71CD076146E5}
	EndGlobalSection
EndGlobal
